{
  "name": "Codes",
  "lockfileVersion": 2,
  "requires": true,
  "packages": {
    "": {
      "dependencies": {
        "static-here": "^1.0.0"
      }
    },
    "node_modules/mime": {
      "version": "2.6.0",
      "resolved": "https://registry.npmjs.org/mime/-/mime-2.6.0.tgz",
      "integrity": "sha512-USPkMeET31rOMiarsBNIHZKLGgvKc/LrjofAnBlOttf5ajRvqiRA8QsenbcooctK6d6Ts6aqZXBA+XbkKthiQg==",
      "bin": {
        "mime": "cli.js"
      },
      "engines": {
        "node": ">=4.0.0"
      }
    },
    "node_modules/static-here": {
      "version": "1.0.0",
      "resolved": "https://registry.npmjs.org/static-here/-/static-here-1.0.0.tgz",
      "integrity": "sha512-x99n4++ly2opiyN0kxmorwCm1s7MjmTBl+JBnWsJ8TsLYIihVOevvAY4s6URbTbnFZf7eNTZF5W8RUequKe5VA==",
      "dependencies": {
        "mime": "^2.4.6"
      },
      "bin": {
        "static-here": "bin/static-here"
      }
    }
  },
  "dependencies": {
    "mime": {
      "version": "2.6.0",
      "resolved": "https://registry.npmjs.org/mime/-/mime-2.6.0.tgz",
      "integrity": "sha512-USPkMeET31rOMiarsBNIHZKLGgvKc/LrjofAnBlOttf5ajRvqiRA8QsenbcooctK6d6Ts6aqZXBA+XbkKthiQg=="
    },
    "static-here": {
      "version": "1.0.0",
      "resolved": "https://registry.npmjs.org/static-here/-/static-here-1.0.0.tgz",
      "integrity": "sha512-x99n4++ly2opiyN0kxmorwCm1s7MjmTBl+JBnWsJ8TsLYIihVOevvAY4s6URbTbnFZf7eNTZF5W8RUequKe5VA==",
      "requires": {
        "mime": "^2.4.6"
      }
    }
  }
}
